
Microsoft Visual Studio Solution File, Format Version 12.00
# Visual Studio Version 16
VisualStudioVersion = 16.0.31025.194
MinimumVisualStudioVersion = 10.0.40219.1
Project("{8BC9CEB8-8B4A-11D0-8D11-00A0C91BC942}") = "RiomhMarshCS105_Lab4", "RiomhMarshCS105_Lab4.vcxproj", "{8794A4DA-04AF-4E39-A756-EDE8AA9527FA}"
EndProject
Global
	GlobalSection(SolutionConfigurationPlatforms) = preSolution
		Debug|x64 = Debug|x64
		Debug|x86 = Debug|x86
		Release|x64 = Release|x64
		Release|x86 = Release|x86
	EndGlobalSection
	GlobalSection(ProjectConfigurationPlatforms) = postSolution
		{8794A4DA-04AF-4E39-A756-EDE8AA9527FA}.Debug|x64.ActiveCfg = Debug|x64
		{8794A4DA-04AF-4E39-A756-EDE8AA9527FA}.Debug|x64.Build.0 = Debug|x64
		{8794A4DA-04AF-4E39-A756-EDE8AA9527FA}.Debug|x86.ActiveCfg = Debug|Win32
		{8794A4DA-04AF-4E39-A756-EDE8AA9527FA}.Debug|x86.Build.0 = Debug|Win32
		{8794A4DA-04AF-4E39-A756-EDE8AA9527FA}.Release|x64.ActiveCfg = Release|x64
		{8794A4DA-04AF-4E39-A756-EDE8AA9527FA}.Release|x64.Build.0 = Release|x64
		{8794A4DA-04AF-4E39-A756-EDE8AA9527FA}.Release|x86.ActiveCfg = Release|Win32
		{8794A4DA-04AF-4E39-A756-EDE8AA9527FA}.Release|x86.Build.0 = Release|Win32
	EndGlobalSection
	GlobalSection(SolutionProperties) = preSolution
		HideSolutionNode = FALSE
	EndGlobalSection
	GlobalSection(ExtensibilityGlobals) = postSolution
		SolutionGuid = {AC8FBBBB-3C41-42D6-81C7-851EB45B80D9}
	EndGlobalSection
EndGlobal
